
Microsoft Visual Studio Solution File, Format Version 12.00
# Visual Studio Version 16
VisualStudioVersion = 16.0.30621.155
MinimumVisualStudioVersion = 10.0.40219.1
Project("{151D2E53-A2C4-4D7D-83FE-D05416EBD58E}") = "AdfSetupAutomation", "AdfSetupAutomation\AdfSetupAutomation.deployproj", "{28342813-8DE9-4CCF-A2F1-8FCDFD1EC51B}"
EndProject
Global
	GlobalSection(SolutionConfigurationPlatforms) = preSolution
		Debug|Any CPU = Debug|Any CPU
		Release|Any CPU = Release|Any CPU
	EndGlobalSection
	GlobalSection(ProjectConfigurationPlatforms) = postSolution
		{28342813-8DE9-4CCF-A2F1-8FCDFD1EC51B}.Debug|Any CPU.ActiveCfg = Debug|Any CPU
		{28342813-8DE9-4CCF-A2F1-8FCDFD1EC51B}.Debug|Any CPU.Build.0 = Debug|Any CPU
		{28342813-8DE9-4CCF-A2F1-8FCDFD1EC51B}.Release|Any CPU.ActiveCfg = Release|Any CPU
		{28342813-8DE9-4CCF-A2F1-8FCDFD1EC51B}.Release|Any CPU.Build.0 = Release|Any CPU
	EndGlobalSection
	GlobalSection(SolutionProperties) = preSolution
		HideSolutionNode = FALSE
	EndGlobalSection
	GlobalSection(ExtensibilityGlobals) = postSolution
		SolutionGuid = {F58E33F6-6887-478D-9C0C-FAC55481BC89}
	EndGlobalSection
EndGlobal
